// !$*UTF8*$!
{
	archiveVersion = 1;
	classes = {
	};
	objectVersion = 50;
	objects = {

/* Begin PBXBuildFile section */
		F2395C162173E1AC004A98C1 /* Bellamy Mansion cell.jpg in Resources */ = {isa = PBXBuildFile; fileRef = F2395C0C2173E1AB004A98C1 /* Bellamy Mansion cell.jpg */; };
		F2395C172173E1AC004A98C1 /* Jungle Rapids cell.jpg in Resources */ = {isa = PBXBuildFile; fileRef = F2395C0D2173E1AB004A98C1 /* Jungle Rapids cell.jpg */; };
		F2395C182173E1AC004A98C1 /* Wrightsville Beach Museum cell.jpg in Resources */ = {isa = PBXBuildFile; fileRef = F2395C0E2173E1AC004A98C1 /* Wrightsville Beach Museum cell.jpg */; };
		F2395C192173E1AC004A98C1 /* The Children’s Museum cell.jpg in Resources */ = {isa = PBXBuildFile; fileRef = F2395C0F2173E1AC004A98C1 /* The Children’s Museum cell.jpg */; };
		F2395C1A2173E1AC004A98C1 /* Airlie Gardens cell.jpg in Resources */ = {isa = PBXBuildFile; fileRef = F2395C102173E1AC004A98C1 /* Airlie Gardens cell.jpg */; };
		F2395C1B2173E1AC004A98C1 /* Masonboro Island cell.jpg in Resources */ = {isa = PBXBuildFile; fileRef = F2395C112173E1AC004A98C1 /* Masonboro Island cell.jpg */; };
		F2395C1C2173E1AC004A98C1 /* Aquarium at Fort Fisher cell.jpg in Resources */ = {isa = PBXBuildFile; fileRef = F2395C122173E1AC004A98C1 /* Aquarium at Fort Fisher cell.jpg */; };
		F2395C1D2173E1AC004A98C1 /* USS North Carolina cell.jpg in Resources */ = {isa = PBXBuildFile; fileRef = F2395C132173E1AC004A98C1 /* USS North Carolina cell.jpg */; };
		F2395C1E2173E1AC004A98C1 /* Cape fear museum cell.jpg in Resources */ = {isa = PBXBuildFile; fileRef = F2395C142173E1AC004A98C1 /* Cape fear museum cell.jpg */; };
		F2395C1F2173E1AC004A98C1 /* Wilmington Railroad cell.jpg in Resources */ = {isa = PBXBuildFile; fileRef = F2395C152173E1AC004A98C1 /* Wilmington Railroad cell.jpg */; };
		F2395C2B2173E668004A98C1 /* Jungle Rapids.jpg in Resources */ = {isa = PBXBuildFile; fileRef = F2395C212173E667004A98C1 /* Jungle Rapids.jpg */; };
		F2395C2C2173E668004A98C1 /* Wilmington Railroad.jpg in Resources */ = {isa = PBXBuildFile; fileRef = F2395C222173E667004A98C1 /* Wilmington Railroad.jpg */; };
		F2395C2D2173E668004A98C1 /* Cape fear museum.jpg in Resources */ = {isa = PBXBuildFile; fileRef = F2395C232173E667004A98C1 /* Cape fear museum.jpg */; };
		F2395C2E2173E668004A98C1 /* Masonboro Island.jpg in Resources */ = {isa = PBXBuildFile; fileRef = F2395C242173E667004A98C1 /* Masonboro Island.jpg */; };
		F2395C2F2173E668004A98C1 /* The Children’s Museum.jpg in Resources */ = {isa = PBXBuildFile; fileRef = F2395C252173E668004A98C1 /* The Children’s Museum.jpg */; };
		F2395C302173E668004A98C1 /* Aquarium at Fort Fisher.jpg in Resources */ = {isa = PBXBuildFile; fileRef = F2395C262173E668004A98C1 /* Aquarium at Fort Fisher.jpg */; };
		F2395C312173E668004A98C1 /* Airlie Gardens.jpg in Resources */ = {isa = PBXBuildFile; fileRef = F2395C272173E668004A98C1 /* Airlie Gardens.jpg */; };
		F2395C322173E668004A98C1 /* Bellamy Mansion.jpg in Resources */ = {isa = PBXBuildFile; fileRef = F2395C282173E668004A98C1 /* Bellamy Mansion.jpg */; };
		F2395C332173E668004A98C1 /* Wrightsville Beach Museum.jpg in Resources */ = {isa = PBXBuildFile; fileRef = F2395C292173E668004A98C1 /* Wrightsville Beach Museum.jpg */; };
		F2395C342173E668004A98C1 /* USS North Carolina.jpg in Resources */ = {isa = PBXBuildFile; fileRef = F2395C2A2173E668004A98C1 /* USS North Carolina.jpg */; };
		F2395C372173EE42004A98C1 /* Hotels.plist in Resources */ = {isa = PBXBuildFile; fileRef = F2395C362173EE42004A98C1 /* Hotels.plist */; };
		F2395C422173F515004A98C1 /* staybridge cell.jpeg in Resources */ = {isa = PBXBuildFile; fileRef = F2395C382173F514004A98C1 /* staybridge cell.jpeg */; };
		F2395C432173F515004A98C1 /* Homewood suites cell.jpg in Resources */ = {isa = PBXBuildFile; fileRef = F2395C392173F514004A98C1 /* Homewood suites cell.jpg */; };
		F2395C442173F515004A98C1 /* Stemmerman cell.jpg in Resources */ = {isa = PBXBuildFile; fileRef = F2395C3A2173F514004A98C1 /* Stemmerman cell.jpg */; };
		F2395C452173F515004A98C1 /* Hampton Medical Park cell.jpg in Resources */ = {isa = PBXBuildFile; fileRef = F2395C3B2173F514004A98C1 /* Hampton Medical Park cell.jpg */; };
		F2395C462173F515004A98C1 /* Hampton university area cell.jpg in Resources */ = {isa = PBXBuildFile; fileRef = F2395C3C2173F514004A98C1 /* Hampton university area cell.jpg */; };
		F2395C472173F515004A98C1 /* Hotel riverwalk cell.jpg in Resources */ = {isa = PBXBuildFile; fileRef = F2395C3D2173F514004A98C1 /* Hotel riverwalk cell.jpg */; };
		F2395C482173F515004A98C1 /* Springhill suites cell.jpg in Resources */ = {isa = PBXBuildFile; fileRef = F2395C3E2173F514004A98C1 /* Springhill suites cell.jpg */; };
		F2395C492173F515004A98C1 /* Holiday inn cell.jpg in Resources */ = {isa = PBXBuildFile; fileRef = F2395C3F2173F514004A98C1 /* Holiday inn cell.jpg */; };
		F2395C4A2173F515004A98C1 /* Courtyard cell.jpg in Resources */ = {isa = PBXBuildFile; fileRef = F2395C402173F515004A98C1 /* Courtyard cell.jpg */; };
		F2395C4B2173F515004A98C1 /* Front Inn cell.jpg in Resources */ = {isa = PBXBuildFile; fileRef = F2395C412173F515004A98C1 /* Front Inn cell.jpg */; };
		F2395C4D2173F63B004A98C1 /* Hotel.swift in Sources */ = {isa = PBXBuildFile; fileRef = F2395C4C2173F63B004A98C1 /* Hotel.swift */; };
		F2395C5921740268004A98C1 /* Hampton university area.jpg in Resources */ = {isa = PBXBuildFile; fileRef = F2395C4F21740268004A98C1 /* Hampton university area.jpg */; };
		F2395C5A21740268004A98C1 /* staybridge.jpeg in Resources */ = {isa = PBXBuildFile; fileRef = F2395C5021740268004A98C1 /* staybridge.jpeg */; };
		F2395C5B21740268004A98C1 /* Stemmerman.jpg in Resources */ = {isa = PBXBuildFile; fileRef = F2395C5121740268004A98C1 /* Stemmerman.jpg */; };
		F2395C5C21740268004A98C1 /* Courtyard.jpg in Resources */ = {isa = PBXBuildFile; fileRef = F2395C5221740268004A98C1 /* Courtyard.jpg */; };
		F2395C5D21740268004A98C1 /* Front Inn.jpg in Resources */ = {isa = PBXBuildFile; fileRef = F2395C5321740268004A98C1 /* Front Inn.jpg */; };
		F2395C5E21740268004A98C1 /* Homewood suites.jpg in Resources */ = {isa = PBXBuildFile; fileRef = F2395C5421740268004A98C1 /* Homewood suites.jpg */; };
		F2395C5F21740268004A98C1 /* Hampton Medical Park.jpg in Resources */ = {isa = PBXBuildFile; fileRef = F2395C5521740268004A98C1 /* Hampton Medical Park.jpg */; };
		F2395C6021740268004A98C1 /* Hotel riverwalk.jpg in Resources */ = {isa = PBXBuildFile; fileRef = F2395C5621740268004A98C1 /* Hotel riverwalk.jpg */; };
		F2395C6121740268004A98C1 /* Springhill suites.jpg in Resources */ = {isa = PBXBuildFile; fileRef = F2395C5721740268004A98C1 /* Springhill suites.jpg */; };
		F2395C6221740268004A98C1 /* Holiday inn.jpg in Resources */ = {isa = PBXBuildFile; fileRef = F2395C5821740268004A98C1 /* Holiday inn.jpg */; };
		F2395C6421740DD1004A98C1 /* Restaurants.plist in Resources */ = {isa = PBXBuildFile; fileRef = F2395C6321740DD1004A98C1 /* Restaurants.plist */; };
		F2395C7021741545004A98C1 /* Cape Fear Cell.jpg in Resources */ = {isa = PBXBuildFile; fileRef = F2395C6621741544004A98C1 /* Cape Fear Cell.jpg */; };
		F2395C7121741545004A98C1 /* Copper penny Cell.jpg in Resources */ = {isa = PBXBuildFile; fileRef = F2395C6721741544004A98C1 /* Copper penny Cell.jpg */; };
		F2395C7221741545004A98C1 /* Manna Cell.jpg in Resources */ = {isa = PBXBuildFile; fileRef = F2395C6821741544004A98C1 /* Manna Cell.jpg */; };
		F2395C7321741545004A98C1 /* Pinpoint Restaurant Cell.jpg in Resources */ = {isa = PBXBuildFile; fileRef = F2395C6921741544004A98C1 /* Pinpoint Restaurant Cell.jpg */; };
		F2395C7421741545004A98C1 /* Rx Restaurant and Bar Cell.jpg in Resources */ = {isa = PBXBuildFile; fileRef = F2395C6A21741544004A98C1 /* Rx Restaurant and Bar Cell.jpg */; };
		F2395C7521741545004A98C1 /* The Fork ‘N’ Cork Cell.jpg in Resources */ = {isa = PBXBuildFile; fileRef = F2395C6B21741544004A98C1 /* The Fork ‘N’ Cork Cell.jpg */; };
		F2395C7621741545004A98C1 /* indochine Cell.jpg in Resources */ = {isa = PBXBuildFile; fileRef = F2395C6C21741544004A98C1 /* indochine Cell.jpg */; };
		F2395C7721741545004A98C1 /* Ceviche’s Cell.jpg in Resources */ = {isa = PBXBuildFile; fileRef = F2395C6D21741544004A98C1 /* Ceviche’s Cell.jpg */; };
		F2395C7821741545004A98C1 /* Circa 1922 Cell.jpg in Resources */ = {isa = PBXBuildFile; fileRef = F2395C6E21741544004A98C1 /* Circa 1922 Cell.jpg */; };
		F2395C7921741545004A98C1 /* Dock Street Cell.jpg in Resources */ = {isa = PBXBuildFile; fileRef = F2395C6F21741545004A98C1 /* Dock Street Cell.jpg */; };
		F2395C85217416BE004A98C1 /* indochine.jpg in Resources */ = {isa = PBXBuildFile; fileRef = F2395C7B217416BD004A98C1 /* indochine.jpg */; };
		F2395C86217416BE004A98C1 /* Dock Street.jpg in Resources */ = {isa = PBXBuildFile; fileRef = F2395C7C217416BD004A98C1 /* Dock Street.jpg */; };
		F2395C87217416BE004A98C1 /* Manna.jpg in Resources */ = {isa = PBXBuildFile; fileRef = F2395C7D217416BD004A98C1 /* Manna.jpg */; };
		F2395C88217416BE004A98C1 /* The Fork ‘N’ Cork.jpg in Resources */ = {isa = PBXBuildFile; fileRef = F2395C7E217416BD004A98C1 /* The Fork ‘N’ Cork.jpg */; };
		F2395C89217416BE004A98C1 /* Rx Restaurant and Bar.jpg in Resources */ = {isa = PBXBuildFile; fileRef = F2395C7F217416BD004A98C1 /* Rx Restaurant and Bar.jpg */; };
		F2395C8A217416BE004A98C1 /* Ceviche’s.jpg in Resources */ = {isa = PBXBuildFile; fileRef = F2395C80217416BD004A98C1 /* Ceviche’s.jpg */; };
		F2395C8B217416BE004A98C1 /* Copper penny.jpg in Resources */ = {isa = PBXBuildFile; fileRef = F2395C81217416BD004A98C1 /* Copper penny.jpg */; };
		F2395C8C217416BE004A98C1 /* Circa 1922.jpg in Resources */ = {isa = PBXBuildFile; fileRef = F2395C82217416BE004A98C1 /* Circa 1922.jpg */; };
		F2395C8D217416BE004A98C1 /* Cape Fear.jpg in Resources */ = {isa = PBXBuildFile; fileRef = F2395C83217416BE004A98C1 /* Cape Fear.jpg */; };
		F2395C8E217416BE004A98C1 /* Pinpoint Restaurant.jpg in Resources */ = {isa = PBXBuildFile; fileRef = F2395C84217416BE004A98C1 /* Pinpoint Restaurant.jpg */; };
		F2395C90217416F7004A98C1 /* Restaurant.swift in Sources */ = {isa = PBXBuildFile; fileRef = F2395C8F217416F7004A98C1 /* Restaurant.swift */; };
		F2395C9221742A04004A98C1 /* WebsiteViewController.swift in Sources */ = {isa = PBXBuildFile; fileRef = F2395C9121742A04004A98C1 /* WebsiteViewController.swift */; };
		F2398510216EBD05008A3B19 /* AppDelegate.swift in Sources */ = {isa = PBXBuildFile; fileRef = F239850F216EBD05008A3B19 /* AppDelegate.swift */; };
		F2398512216EBD05008A3B19 /* ViewController.swift in Sources */ = {isa = PBXBuildFile; fileRef = F2398511216EBD05008A3B19 /* ViewController.swift */; };
		F2398515216EBD05008A3B19 /* Main.storyboard in Resources */ = {isa = PBXBuildFile; fileRef = F2398513216EBD05008A3B19 /* Main.storyboard */; };
		F2398517216EBD09008A3B19 /* Assets.xcassets in Resources */ = {isa = PBXBuildFile; fileRef = F2398516216EBD09008A3B19 /* Assets.xcassets */; };
		F239851A216EBD09008A3B19 /* LaunchScreen.storyboard in Resources */ = {isa = PBXBuildFile; fileRef = F2398518216EBD09008A3B19 /* LaunchScreen.storyboard */; };
		F2398522216EC16F008A3B19 /* AboutAppViewController.swift in Sources */ = {isa = PBXBuildFile; fileRef = F2398521216EC16F008A3B19 /* AboutAppViewController.swift */; };
		F2398524216EC19A008A3B19 /* AboutAuthorViewController.swift in Sources */ = {isa = PBXBuildFile; fileRef = F2398523216EC19A008A3B19 /* AboutAuthorViewController.swift */; };
		F2398528216EC7B7008A3B19 /* index.html in Resources */ = {isa = PBXBuildFile; fileRef = F2398525216EC7B6008A3B19 /* index.html */; };
		F2398529216EC7B7008A3B19 /* css in Resources */ = {isa = PBXBuildFile; fileRef = F2398526216EC7B6008A3B19 /* css */; };
		F239852A216EC7B7008A3B19 /* images in Resources */ = {isa = PBXBuildFile; fileRef = F2398527216EC7B6008A3B19 /* images */; };
		F239852C216ECE5B008A3B19 /* TopTenTableViewController.swift in Sources */ = {isa = PBXBuildFile; fileRef = F239852B216ECE5B008A3B19 /* TopTenTableViewController.swift */; };
		F239852E216ECEB8008A3B19 /* TableViewCell.swift in Sources */ = {isa = PBXBuildFile; fileRef = F239852D216ECEB8008A3B19 /* TableViewCell.swift */; };
		F2398530216EF246008A3B19 /* Attractions.plist in Resources */ = {isa = PBXBuildFile; fileRef = F239852F216EF245008A3B19 /* Attractions.plist */; };
		F244D54A216F04C000AADEC6 /* Attraction.swift in Sources */ = {isa = PBXBuildFile; fileRef = F244D549216F04C000AADEC6 /* Attraction.swift */; };
		F244D54C216F123100AADEC6 /* DetailViewController.swift in Sources */ = {isa = PBXBuildFile; fileRef = F244D54B216F123100AADEC6 /* DetailViewController.swift */; };
/* End PBXBuildFile section */

/* Begin PBXFileReference section */
		F2395C0C2173E1AB004A98C1 /* Bellamy Mansion cell.jpg */ = {isa = PBXFileReference; lastKnownFileType = image.jpeg; path = "Bellamy Mansion cell.jpg"; sourceTree = "<group>"; };
		F2395C0D2173E1AB004A98C1 /* Jungle Rapids cell.jpg */ = {isa = PBXFileReference; lastKnownFileType = image.jpeg; path = "Jungle Rapids cell.jpg"; sourceTree = "<group>"; };
		F2395C0E2173E1AC004A98C1 /* Wrightsville Beach Museum cell.jpg */ = {isa = PBXFileReference; lastKnownFileType = image.jpeg; path = "Wrightsville Beach Museum cell.jpg"; sourceTree = "<group>"; };
		F2395C0F2173E1AC004A98C1 /* The Children’s Museum cell.jpg */ = {isa = PBXFileReference; lastKnownFileType = image.jpeg; path = "The Children’s Museum cell.jpg"; sourceTree = "<group>"; };
		F2395C102173E1AC004A98C1 /* Airlie Gardens cell.jpg */ = {isa = PBXFileReference; lastKnownFileType = image.jpeg; path = "Airlie Gardens cell.jpg"; sourceTree = "<group>"; };
		F2395C112173E1AC004A98C1 /* Masonboro Island cell.jpg */ = {isa = PBXFileReference; lastKnownFileType = image.jpeg; path = "Masonboro Island cell.jpg"; sourceTree = "<group>"; };
		F2395C122173E1AC004A98C1 /* Aquarium at Fort Fisher cell.jpg */ = {isa = PBXFileReference; lastKnownFileType = image.jpeg; path = "Aquarium at Fort Fisher cell.jpg"; sourceTree = "<group>"; };
		F2395C132173E1AC004A98C1 /* USS North Carolina cell.jpg */ = {isa = PBXFileReference; lastKnownFileType = image.jpeg; path = "USS North Carolina cell.jpg"; sourceTree = "<group>"; };
		F2395C142173E1AC004A98C1 /* Cape fear museum cell.jpg */ = {isa = PBXFileReference; lastKnownFileType = image.jpeg; path = "Cape fear museum cell.jpg"; sourceTree = "<group>"; };
		F2395C152173E1AC004A98C1 /* Wilmington Railroad cell.jpg */ = {isa = PBXFileReference; lastKnownFileType = image.jpeg; path = "Wilmington Railroad cell.jpg"; sourceTree = "<group>"; };
		F2395C212173E667004A98C1 /* Jungle Rapids.jpg */ = {isa = PBXFileReference; lastKnownFileType = image.jpeg; path = "Jungle Rapids.jpg"; sourceTree = "<group>"; };
		F2395C222173E667004A98C1 /* Wilmington Railroad.jpg */ = {isa = PBXFileReference; lastKnownFileType = image.jpeg; path = "Wilmington Railroad.jpg"; sourceTree = "<group>"; };
		F2395C232173E667004A98C1 /* Cape fear museum.jpg */ = {isa = PBXFileReference; lastKnownFileType = image.jpeg; path = "Cape fear museum.jpg"; sourceTree = "<group>"; };
		F2395C242173E667004A98C1 /* Masonboro Island.jpg */ = {isa = PBXFileReference; lastKnownFileType = image.jpeg; path = "Masonboro Island.jpg"; sourceTree = "<group>"; };
		F2395C252173E668004A98C1 /* The Children’s Museum.jpg */ = {isa = PBXFileReference; lastKnownFileType = image.jpeg; path = "The Children’s Museum.jpg"; sourceTree = "<group>"; };
		F2395C262173E668004A98C1 /* Aquarium at Fort Fisher.jpg */ = {isa = PBXFileReference; lastKnownFileType = image.jpeg; path = "Aquarium at Fort Fisher.jpg"; sourceTree = "<group>"; };
		F2395C272173E668004A98C1 /* Airlie Gardens.jpg */ = {isa = PBXFileReference; lastKnownFileType = image.jpeg; path = "Airlie Gardens.jpg"; sourceTree = "<group>"; };
		F2395C282173E668004A98C1 /* Bellamy Mansion.jpg */ = {isa = PBXFileReference; lastKnownFileType = image.jpeg; path = "Bellamy Mansion.jpg"; sourceTree = "<group>"; };
		F2395C292173E668004A98C1 /* Wrightsville Beach Museum.jpg */ = {isa = PBXFileReference; lastKnownFileType = image.jpeg; path = "Wrightsville Beach Museum.jpg"; sourceTree = "<group>"; };
		F2395C2A2173E668004A98C1 /* USS North Carolina.jpg */ = {isa = PBXFileReference; lastKnownFileType = image.jpeg; path = "USS North Carolina.jpg"; sourceTree = "<group>"; };
		F2395C362173EE42004A98C1 /* Hotels.plist */ = {isa = PBXFileReference; lastKnownFileType = text.plist.xml; path = Hotels.plist; sourceTree = "<group>"; };
		F2395C382173F514004A98C1 /* staybridge cell.jpeg */ = {isa = PBXFileReference; lastKnownFileType = image.jpeg; path = "staybridge cell.jpeg"; sourceTree = "<group>"; };
		F2395C392173F514004A98C1 /* Homewood suites cell.jpg */ = {isa = PBXFileReference; lastKnownFileType = image.jpeg; path = "Homewood suites cell.jpg"; sourceTree = "<group>"; };
		F2395C3A2173F514004A98C1 /* Stemmerman cell.jpg */ = {isa = PBXFileReference; lastKnownFileType = image.jpeg; path = "Stemmerman cell.jpg"; sourceTree = "<group>"; };
		F2395C3B2173F514004A98C1 /* Hampton Medical Park cell.jpg */ = {isa = PBXFileReference; lastKnownFileType = image.jpeg; path = "Hampton Medical Park cell.jpg"; sourceTree = "<group>"; };
		F2395C3C2173F514004A98C1 /* Hampton university area cell.jpg */ = {isa = PBXFileReference; lastKnownFileType = image.jpeg; path = "Hampton university area cell.jpg"; sourceTree = "<group>"; };
		F2395C3D2173F514004A98C1 /* Hotel riverwalk cell.jpg */ = {isa = PBXFileReference; lastKnownFileType = image.jpeg; path = "Hotel riverwalk cell.jpg"; sourceTree = "<group>"; };
		F2395C3E2173F514004A98C1 /* Springhill suites cell.jpg */ = {isa = PBXFileReference; lastKnownFileType = image.jpeg; path = "Springhill suites cell.jpg"; sourceTree = "<group>"; };
		F2395C3F2173F514004A98C1 /* Holiday inn cell.jpg */ = {isa = PBXFileReference; lastKnownFileType = image.jpeg; path = "Holiday inn cell.jpg"; sourceTree = "<group>"; };
		F2395C402173F515004A98C1 /* Courtyard cell.jpg */ = {isa = PBXFileReference; lastKnownFileType = image.jpeg; path = "Courtyard cell.jpg"; sourceTree = "<group>"; };
		F2395C412173F515004A98C1 /* Front Inn cell.jpg */ = {isa = PBXFileReference; lastKnownFileType = image.jpeg; path = "Front Inn cell.jpg"; sourceTree = "<group>"; };
		F2395C4C2173F63B004A98C1 /* Hotel.swift */ = {isa = PBXFileReference; lastKnownFileType = sourcecode.swift; path = Hotel.swift; sourceTree = "<group>"; };
		F2395C4F21740268004A98C1 /* Hampton university area.jpg */ = {isa = PBXFileReference; lastKnownFileType = image.jpeg; path = "Hampton university area.jpg"; sourceTree = "<group>"; };
		F2395C5021740268004A98C1 /* staybridge.jpeg */ = {isa = PBXFileReference; lastKnownFileType = image.jpeg; path = staybridge.jpeg; sourceTree = "<group>"; };
		F2395C5121740268004A98C1 /* Stemmerman.jpg */ = {isa = PBXFileReference; lastKnownFileType = image.jpeg; path = Stemmerman.jpg; sourceTree = "<group>"; };
		F2395C5221740268004A98C1 /* Courtyard.jpg */ = {isa = PBXFileReference; lastKnownFileType = image.jpeg; path = Courtyard.jpg; sourceTree = "<group>"; };
		F2395C5321740268004A98C1 /* Front Inn.jpg */ = {isa = PBXFileReference; lastKnownFileType = image.jpeg; path = "Front Inn.jpg"; sourceTree = "<group>"; };
		F2395C5421740268004A98C1 /* Homewood suites.jpg */ = {isa = PBXFileReference; lastKnownFileType = image.jpeg; path = "Homewood suites.jpg"; sourceTree = "<group>"; };
		F2395C5521740268004A98C1 /* Hampton Medical Park.jpg */ = {isa = PBXFileReference; lastKnownFileType = image.jpeg; path = "Hampton Medical Park.jpg"; sourceTree = "<group>"; };
		F2395C5621740268004A98C1 /* Hotel riverwalk.jpg */ = {isa = PBXFileReference; lastKnownFileType = image.jpeg; path = "Hotel riverwalk.jpg"; sourceTree = "<group>"; };
		F2395C5721740268004A98C1 /* Springhill suites.jpg */ = {isa = PBXFileReference; lastKnownFileType = image.jpeg; path = "Springhill suites.jpg"; sourceTree = "<group>"; };
		F2395C5821740268004A98C1 /* Holiday inn.jpg */ = {isa = PBXFileReference; lastKnownFileType = image.jpeg; path = "Holiday inn.jpg"; sourceTree = "<group>"; };
		F2395C6321740DD1004A98C1 /* Restaurants.plist */ = {isa = PBXFileReference; lastKnownFileType = text.plist.xml; path = Restaurants.plist; sourceTree = "<group>"; };
		F2395C6621741544004A98C1 /* Cape Fear Cell.jpg */ = {isa = PBXFileReference; lastKnownFileType = image.jpeg; path = "Cape Fear Cell.jpg"; sourceTree = "<group>"; };
		F2395C6721741544004A98C1 /* Copper penny Cell.jpg */ = {isa = PBXFileReference; lastKnownFileType = image.jpeg; path = "Copper penny Cell.jpg"; sourceTree = "<group>"; };
		F2395C6821741544004A98C1 /* Manna Cell.jpg */ = {isa = PBXFileReference; lastKnownFileType = image.jpeg; path = "Manna Cell.jpg"; sourceTree = "<group>"; };
		F2395C6921741544004A98C1 /* Pinpoint Restaurant Cell.jpg */ = {isa = PBXFileReference; lastKnownFileType = image.jpeg; path = "Pinpoint Restaurant Cell.jpg"; sourceTree = "<group>"; };
		F2395C6A21741544004A98C1 /* Rx Restaurant and Bar Cell.jpg */ = {isa = PBXFileReference; lastKnownFileType = image.jpeg; path = "Rx Restaurant and Bar Cell.jpg"; sourceTree = "<group>"; };
		F2395C6B21741544004A98C1 /* The Fork ‘N’ Cork Cell.jpg */ = {isa = PBXFileReference; lastKnownFileType = image.jpeg; path = "The Fork ‘N’ Cork Cell.jpg"; sourceTree = "<group>"; };
		F2395C6C21741544004A98C1 /* indochine Cell.jpg */ = {isa = PBXFileReference; lastKnownFileType = image.jpeg; path = "indochine Cell.jpg"; sourceTree = "<group>"; };
		F2395C6D21741544004A98C1 /* Ceviche’s Cell.jpg */ = {isa = PBXFileReference; lastKnownFileType = image.jpeg; path = "Ceviche’s Cell.jpg"; sourceTree = "<group>"; };
		F2395C6E21741544004A98C1 /* Circa 1922 Cell.jpg */ = {isa = PBXFileReference; lastKnownFileType = image.jpeg; path = "Circa 1922 Cell.jpg"; sourceTree = "<group>"; };
		F2395C6F21741545004A98C1 /* Dock Street Cell.jpg */ = {isa = PBXFileReference; lastKnownFileType = image.jpeg; path = "Dock Street Cell.jpg"; sourceTree = "<group>"; };
		F2395C7B217416BD004A98C1 /* indochine.jpg */ = {isa = PBXFileReference; lastKnownFileType = image.jpeg; path = indochine.jpg; sourceTree = "<group>"; };
		F2395C7C217416BD004A98C1 /* Dock Street.jpg */ = {isa = PBXFileReference; lastKnownFileType = image.jpeg; path = "Dock Street.jpg"; sourceTree = "<group>"; };
		F2395C7D217416BD004A98C1 /* Manna.jpg */ = {isa = PBXFileReference; lastKnownFileType = image.jpeg; path = Manna.jpg; sourceTree = "<group>"; };
		F2395C7E217416BD004A98C1 /* The Fork ‘N’ Cork.jpg */ = {isa = PBXFileReference; lastKnownFileType = image.jpeg; path = "The Fork ‘N’ Cork.jpg"; sourceTree = "<group>"; };
		F2395C7F217416BD004A98C1 /* Rx Restaurant and Bar.jpg */ = {isa = PBXFileReference; lastKnownFileType = image.jpeg; path = "Rx Restaurant and Bar.jpg"; sourceTree = "<group>"; };
		F2395C80217416BD004A98C1 /* Ceviche’s.jpg */ = {isa = PBXFileReference; lastKnownFileType = image.jpeg; path = "Ceviche’s.jpg"; sourceTree = "<group>"; };
		F2395C81217416BD004A98C1 /* Copper penny.jpg */ = {isa = PBXFileReference; lastKnownFileType = image.jpeg; path = "Copper penny.jpg"; sourceTree = "<group>"; };
		F2395C82217416BE004A98C1 /* Circa 1922.jpg */ = {isa = PBXFileReference; lastKnownFileType = image.jpeg; path = "Circa 1922.jpg"; sourceTree = "<group>"; };
		F2395C83217416BE004A98C1 /* Cape Fear.jpg */ = {isa = PBXFileReference; lastKnownFileType = image.jpeg; path = "Cape Fear.jpg"; sourceTree = "<group>"; };
		F2395C84217416BE004A98C1 /* Pinpoint Restaurant.jpg */ = {isa = PBXFileReference; lastKnownFileType = image.jpeg; path = "Pinpoint Restaurant.jpg"; sourceTree = "<group>"; };
		F2395C8F217416F7004A98C1 /* Restaurant.swift */ = {isa = PBXFileReference; lastKnownFileType = sourcecode.swift; name = Restaurant.swift; path = RDadiTopTenWilmington/Restaurant.swift; sourceTree = SOURCE_ROOT; };
		F2395C9121742A04004A98C1 /* WebsiteViewController.swift */ = {isa = PBXFileReference; lastKnownFileType = sourcecode.swift; path = WebsiteViewController.swift; sourceTree = "<group>"; };
		F239850C216EBD05008A3B19 /* RDadiTopTenWilmington.app */ = {isa = PBXFileReference; explicitFileType = wrapper.application; includeInIndex = 0; path = RDadiTopTenWilmington.app; sourceTree = BUILT_PRODUCTS_DIR; };
		F239850F216EBD05008A3B19 /* AppDelegate.swift */ = {isa = PBXFileReference; lastKnownFileType = sourcecode.swift; path = AppDelegate.swift; sourceTree = "<group>"; };
		F2398511216EBD05008A3B19 /* ViewController.swift */ = {isa = PBXFileReference; lastKnownFileType = sourcecode.swift; path = ViewController.swift; sourceTree = "<group>"; };
		F2398514216EBD05008A3B19 /* Base */ = {isa = PBXFileReference; lastKnownFileType = file.storyboard; name = Base; path = Base.lproj/Main.storyboard; sourceTree = "<group>"; };
		F2398516216EBD09008A3B19 /* Assets.xcassets */ = {isa = PBXFileReference; lastKnownFileType = folder.assetcatalog; path = Assets.xcassets; sourceTree = "<group>"; };
		F2398519216EBD09008A3B19 /* Base */ = {isa = PBXFileReference; lastKnownFileType = file.storyboard; name = Base; path = Base.lproj/LaunchScreen.storyboard; sourceTree = "<group>"; };
		F239851B216EBD09008A3B19 /* Info.plist */ = {isa = PBXFileReference; lastKnownFileType = text.plist.xml; path = Info.plist; sourceTree = "<group>"; };
		F2398521216EC16F008A3B19 /* AboutAppViewController.swift */ = {isa = PBXFileReference; lastKnownFileType = sourcecode.swift; path = AboutAppViewController.swift; sourceTree = "<group>"; };
		F2398523216EC19A008A3B19 /* AboutAuthorViewController.swift */ = {isa = PBXFileReference; lastKnownFileType = sourcecode.swift; path = AboutAuthorViewController.swift; sourceTree = "<group>"; };
		F2398525216EC7B6008A3B19 /* index.html */ = {isa = PBXFileReference; fileEncoding = 4; lastKnownFileType = text.html; path = index.html; sourceTree = "<group>"; };
		F2398526216EC7B6008A3B19 /* css */ = {isa = PBXFileReference; lastKnownFileType = folder; path = css; sourceTree = "<group>"; };
		F2398527216EC7B6008A3B19 /* images */ = {isa = PBXFileReference; lastKnownFileType = folder; path = images; sourceTree = "<group>"; };
		F239852B216ECE5B008A3B19 /* TopTenTableViewController.swift */ = {isa = PBXFileReference; lastKnownFileType = sourcecode.swift; path = TopTenTableViewController.swift; sourceTree = "<group>"; };
		F239852D216ECEB8008A3B19 /* TableViewCell.swift */ = {isa = PBXFileReference; lastKnownFileType = sourcecode.swift; path = TableViewCell.swift; sourceTree = "<group>"; };
		F239852F216EF245008A3B19 /* Attractions.plist */ = {isa = PBXFileReference; lastKnownFileType = text.plist.xml; path = Attractions.plist; sourceTree = "<group>"; };
		F244D549216F04C000AADEC6 /* Attraction.swift */ = {isa = PBXFileReference; lastKnownFileType = sourcecode.swift; path = Attraction.swift; sourceTree = "<group>"; };
		F244D54B216F123100AADEC6 /* DetailViewController.swift */ = {isa = PBXFileReference; lastKnownFileType = sourcecode.swift; path = DetailViewController.swift; sourceTree = "<group>"; };
/* End PBXFileReference section */

/* Begin PBXFrameworksBuildPhase section */
		F2398509216EBD05008A3B19 /* Frameworks */ = {
			isa = PBXFrameworksBuildPhase;
			buildActionMask = 2147483647;
			files = (
			);
			runOnlyForDeploymentPostprocessing = 0;
		};
/* End PBXFrameworksBuildPhase section */

/* Begin PBXGroup section */
		F2395C202173E60D004A98C1 /* Attraction Cell Images */ = {
			isa = PBXGroup;
			children = (
				F2395C102173E1AC004A98C1 /* Airlie Gardens cell.jpg */,
				F2395C122173E1AC004A98C1 /* Aquarium at Fort Fisher cell.jpg */,
				F2395C0C2173E1AB004A98C1 /* Bellamy Mansion cell.jpg */,
				F2395C142173E1AC004A98C1 /* Cape fear museum cell.jpg */,
				F2395C0D2173E1AB004A98C1 /* Jungle Rapids cell.jpg */,
				F2395C112173E1AC004A98C1 /* Masonboro Island cell.jpg */,
				F2395C0F2173E1AC004A98C1 /* The Children’s Museum cell.jpg */,
				F2395C132173E1AC004A98C1 /* USS North Carolina cell.jpg */,
				F2395C152173E1AC004A98C1 /* Wilmington Railroad cell.jpg */,
				F2395C0E2173E1AC004A98C1 /* Wrightsville Beach Museum cell.jpg */,
			);
			path = "Attraction Cell Images";
			sourceTree = "<group>";
		};
		F2395C352173E6D5004A98C1 /* Attraction Images */ = {
			isa = PBXGroup;
			children = (
				F2395C272173E668004A98C1 /* Airlie Gardens.jpg */,
				F2395C262173E668004A98C1 /* Aquarium at Fort Fisher.jpg */,
				F2395C282173E668004A98C1 /* Bellamy Mansion.jpg */,
				F2395C232173E667004A98C1 /* Cape fear museum.jpg */,
				F2395C212173E667004A98C1 /* Jungle Rapids.jpg */,
				F2395C242173E667004A98C1 /* Masonboro Island.jpg */,
				F2395C252173E668004A98C1 /* The Children’s Museum.jpg */,
				F2395C2A2173E668004A98C1 /* USS North Carolina.jpg */,
				F2395C222173E667004A98C1 /* Wilmington Railroad.jpg */,
				F2395C292173E668004A98C1 /* Wrightsville Beach Museum.jpg */,
			);
			path = "Attraction Images";
			sourceTree = "<group>";
		};
		F2395C4E2174021B004A98C1 /* Hotel Cell Images */ = {
			isa = PBXGroup;
			children = (
				F2395C402173F515004A98C1 /* Courtyard cell.jpg */,
				F2395C412173F515004A98C1 /* Front Inn cell.jpg */,
				F2395C3B2173F514004A98C1 /* Hampton Medical Park cell.jpg */,
				F2395C3C2173F514004A98C1 /* Hampton university area cell.jpg */,
				F2395C3F2173F514004A98C1 /* Holiday inn cell.jpg */,
				F2395C392173F514004A98C1 /* Homewood suites cell.jpg */,
				F2395C3D2173F514004A98C1 /* Hotel riverwalk cell.jpg */,
				F2395C3E2173F514004A98C1 /* Springhill suites cell.jpg */,
				F2395C382173F514004A98C1 /* staybridge cell.jpeg */,
				F2395C3A2173F514004A98C1 /* Stemmerman cell.jpg */,
			);
			path = "Hotel Cell Images";
			sourceTree = "<group>";
		};
		F2395C65217413F2004A98C1 /* Hotel Images */ = {
			isa = PBXGroup;
			children = (
				F2395C5221740268004A98C1 /* Courtyard.jpg */,
				F2395C5321740268004A98C1 /* Front Inn.jpg */,
				F2395C5521740268004A98C1 /* Hampton Medical Park.jpg */,
				F2395C4F21740268004A98C1 /* Hampton university area.jpg */,
				F2395C5821740268004A98C1 /* Holiday inn.jpg */,
				F2395C5421740268004A98C1 /* Homewood suites.jpg */,
				F2395C5621740268004A98C1 /* Hotel riverwalk.jpg */,
				F2395C5721740268004A98C1 /* Springhill suites.jpg */,
				F2395C5021740268004A98C1 /* staybridge.jpeg */,
				F2395C5121740268004A98C1 /* Stemmerman.jpg */,
			);
			path = "Hotel Images";
			sourceTree = "<group>";
		};
		F2395C7A21741649004A98C1 /* Restaurant Cell Images */ = {
			isa = PBXGroup;
			children = (
				F2395C6621741544004A98C1 /* Cape Fear Cell.jpg */,
				F2395C6D21741544004A98C1 /* Ceviche’s Cell.jpg */,
				F2395C6E21741544004A98C1 /* Circa 1922 Cell.jpg */,
				F2395C6721741544004A98C1 /* Copper penny Cell.jpg */,
				F2395C6F21741545004A98C1 /* Dock Street Cell.jpg */,
				F2395C6C21741544004A98C1 /* indochine Cell.jpg */,
				F2395C6821741544004A98C1 /* Manna Cell.jpg */,
				F2395C6921741544004A98C1 /* Pinpoint Restaurant Cell.jpg */,
				F2395C6A21741544004A98C1 /* Rx Restaurant and Bar Cell.jpg */,
				F2395C6B21741544004A98C1 /* The Fork ‘N’ Cork Cell.jpg */,
			);
			path = "Restaurant Cell Images";
			sourceTree = "<group>";
		};
		F2395C9321742CF9004A98C1 /* Restaurant Images */ = {
			isa = PBXGroup;
			children = (
				F2395C83217416BE004A98C1 /* Cape Fear.jpg */,
				F2395C80217416BD004A98C1 /* Ceviche’s.jpg */,
				F2395C82217416BE004A98C1 /* Circa 1922.jpg */,
				F2395C81217416BD004A98C1 /* Copper penny.jpg */,
				F2395C7C217416BD004A98C1 /* Dock Street.jpg */,
				F2395C7B217416BD004A98C1 /* indochine.jpg */,
				F2395C7D217416BD004A98C1 /* Manna.jpg */,
				F2395C84217416BE004A98C1 /* Pinpoint Restaurant.jpg */,
				F2395C7F217416BD004A98C1 /* Rx Restaurant and Bar.jpg */,
				F2395C7E217416BD004A98C1 /* The Fork ‘N’ Cork.jpg */,
			);
			path = "Restaurant Images";
			sourceTree = "<group>";
		};
		F2398503216EBD05008A3B19 = {
			isa = PBXGroup;
			children = (
				F239850E216EBD05008A3B19 /* RDadiTopTenWilmington */,
				F239850D216EBD05008A3B19 /* Products */,
			);
			sourceTree = "<group>";
		};
		F239850D216EBD05008A3B19 /* Products */ = {
			isa = PBXGroup;
			children = (
				F239850C216EBD05008A3B19 /* RDadiTopTenWilmington.app */,
			);
			name = Products;
			sourceTree = "<group>";
		};
		F239850E216EBD05008A3B19 /* RDadiTopTenWilmington */ = {
			isa = PBXGroup;
			children = (
				F2395C9321742CF9004A98C1 /* Restaurant Images */,
				F2395C7A21741649004A98C1 /* Restaurant Cell Images */,
				F2395C65217413F2004A98C1 /* Hotel Images */,
				F2395C4E2174021B004A98C1 /* Hotel Cell Images */,
				F2395C352173E6D5004A98C1 /* Attraction Images */,
				F2395C202173E60D004A98C1 /* Attraction Cell Images */,
				F2398526216EC7B6008A3B19 /* css */,
				F2398527216EC7B6008A3B19 /* images */,
				F2398525216EC7B6008A3B19 /* index.html */,
				F239850F216EBD05008A3B19 /* AppDelegate.swift */,
				F2398511216EBD05008A3B19 /* ViewController.swift */,
				F2398513216EBD05008A3B19 /* Main.storyboard */,
				F2395C6321740DD1004A98C1 /* Restaurants.plist */,
				F2395C8F217416F7004A98C1 /* Restaurant.swift */,
				F244D54B216F123100AADEC6 /* DetailViewController.swift */,
				F2395C9121742A04004A98C1 /* WebsiteViewController.swift */,
				F239852D216ECEB8008A3B19 /* TableViewCell.swift */,
				F239852B216ECE5B008A3B19 /* TopTenTableViewController.swift */,
				F239852F216EF245008A3B19 /* Attractions.plist */,
				F2395C362173EE42004A98C1 /* Hotels.plist */,
				F2395C4C2173F63B004A98C1 /* Hotel.swift */,
				F244D549216F04C000AADEC6 /* Attraction.swift */,
				F2398521216EC16F008A3B19 /* AboutAppViewController.swift */,
				F2398523216EC19A008A3B19 /* AboutAuthorViewController.swift */,
				F2398516216EBD09008A3B19 /* Assets.xcassets */,
				F2398518216EBD09008A3B19 /* LaunchScreen.storyboard */,
				F239851B216EBD09008A3B19 /* Info.plist */,
			);
			path = RDadiTopTenWilmington;
			sourceTree = "<group>";
		};
/* End PBXGroup section */

/* Begin PBXNativeTarget section */
		F239850B216EBD05008A3B19 /* RDadiTopTenWilmington */ = {
			isa = PBXNativeTarget;
			buildConfigurationList = F239851E216EBD09008A3B19 /* Build configuration list for PBXNativeTarget "RDadiTopTenWilmington" */;
			buildPhases = (
				F2398508216EBD05008A3B19 /* Sources */,
				F2398509216EBD05008A3B19 /* Frameworks */,
				F239850A216EBD05008A3B19 /* Resources */,
			);
			buildRules = (
			);
			dependencies = (
			);
			name = RDadiTopTenWilmington;
			productName = RDadiTopTenWilmington;
			productReference = F239850C216EBD05008A3B19 /* RDadiTopTenWilmington.app */;
			productType = "com.apple.product-type.application";
		};
/* End PBXNativeTarget section */

/* Begin PBXProject section */
		F2398504216EBD05008A3B19 /* Project object */ = {
			isa = PBXProject;
			attributes = {
				LastSwiftUpdateCheck = 1000;
				LastUpgradeCheck = 1000;
				ORGANIZATIONNAME = "Revanth Reddy Dadi";
				TargetAttributes = {
					F239850B216EBD05008A3B19 = {
						CreatedOnToolsVersion = 10.0;
					};
				};
			};
			buildConfigurationList = F2398507216EBD05008A3B19 /* Build configuration list for PBXProject "RDadiTopTenWilmington" */;
			compatibilityVersion = "Xcode 9.3";
			developmentRegion = en;
			hasScannedForEncodings = 0;
			knownRegions = (
				en,
				Base,
			);
			mainGroup = F2398503216EBD05008A3B19;
			productRefGroup = F239850D216EBD05008A3B19 /* Products */;
			projectDirPath = "";
			projectRoot = "";
			targets = (
				F239850B216EBD05008A3B19 /* RDadiTopTenWilmington */,
			);
		};
/* End PBXProject section */

/* Begin PBXResourcesBuildPhase section */
		F239850A216EBD05008A3B19 /* Resources */ = {
			isa = PBXResourcesBuildPhase;
			buildActionMask = 2147483647;
			files = (
				F2395C7821741545004A98C1 /* Circa 1922 Cell.jpg in Resources */,
				F2395C452173F515004A98C1 /* Hampton Medical Park cell.jpg in Resources */,
				F2395C432173F515004A98C1 /* Homewood suites cell.jpg in Resources */,
				F239852A216EC7B7008A3B19 /* images in Resources */,
				F2395C4B2173F515004A98C1 /* Front Inn cell.jpg in Resources */,
				F2395C1D2173E1AC004A98C1 /* USS North Carolina cell.jpg in Resources */,
				F2395C5C21740268004A98C1 /* Courtyard.jpg in Resources */,
				F2395C7021741545004A98C1 /* Cape Fear Cell.jpg in Resources */,
				F2395C2B2173E668004A98C1 /* Jungle Rapids.jpg in Resources */,
				F2395C462173F515004A98C1 /* Hampton university area cell.jpg in Resources */,
				F2395C8A217416BE004A98C1 /* Ceviche’s.jpg in Resources */,
				F2398529216EC7B7008A3B19 /* css in Resources */,
				F2395C6121740268004A98C1 /* Springhill suites.jpg in Resources */,
				F2395C162173E1AC004A98C1 /* Bellamy Mansion cell.jpg in Resources */,
				F2395C372173EE42004A98C1 /* Hotels.plist in Resources */,
				F239851A216EBD09008A3B19 /* LaunchScreen.storyboard in Resources */,
				F2395C342173E668004A98C1 /* USS North Carolina.jpg in Resources */,
				F2395C2E2173E668004A98C1 /* Masonboro Island.jpg in Resources */,
				F2395C1F2173E1AC004A98C1 /* Wilmington Railroad cell.jpg in Resources */,
				F2395C302173E668004A98C1 /* Aquarium at Fort Fisher.jpg in Resources */,
				F2395C7621741545004A98C1 /* indochine Cell.jpg in Resources */,
				F2395C7121741545004A98C1 /* Copper penny Cell.jpg in Resources */,
				F2395C85217416BE004A98C1 /* indochine.jpg in Resources */,
				F2395C422173F515004A98C1 /* staybridge cell.jpeg in Resources */,
				F2395C1A2173E1AC004A98C1 /* Airlie Gardens cell.jpg in Resources */,
				F2395C2C2173E668004A98C1 /* Wilmington Railroad.jpg in Resources */,
				F2395C4A2173F515004A98C1 /* Courtyard cell.jpg in Resources */,
				F2395C312173E668004A98C1 /* Airlie Gardens.jpg in Resources */,
				F2395C7421741545004A98C1 /* Rx Restaurant and Bar Cell.jpg in Resources */,
				F2395C5F21740268004A98C1 /* Hampton Medical Park.jpg in Resources */,
				F2395C87217416BE004A98C1 /* Manna.jpg in Resources */,
				F2395C492173F515004A98C1 /* Holiday inn cell.jpg in Resources */,
				F2395C192173E1AC004A98C1 /* The Children’s Museum cell.jpg in Resources */,
				F2395C1C2173E1AC004A98C1 /* Aquarium at Fort Fisher cell.jpg in Resources */,
				F2395C322173E668004A98C1 /* Bellamy Mansion.jpg in Resources */,
				F2395C1B2173E1AC004A98C1 /* Masonboro Island cell.jpg in Resources */,
				F2395C89217416BE004A98C1 /* Rx Restaurant and Bar.jpg in Resources */,
				F2395C5A21740268004A98C1 /* staybridge.jpeg in Resources */,
				F2395C182173E1AC004A98C1 /* Wrightsville Beach Museum cell.jpg in Resources */,
				F2395C2F2173E668004A98C1 /* The Children’s Museum.jpg in Resources */,
				F2395C482173F515004A98C1 /* Springhill suites cell.jpg in Resources */,
				F2398528216EC7B7008A3B19 /* index.html in Resources */,
				F2395C5D21740268004A98C1 /* Front Inn.jpg in Resources */,
				F2395C6421740DD1004A98C1 /* Restaurants.plist in Resources */,
				F2395C2D2173E668004A98C1 /* Cape fear museum.jpg in Resources */,
				F2395C5E21740268004A98C1 /* Homewood suites.jpg in Resources */,
				F2395C8E217416BE004A98C1 /* Pinpoint Restaurant.jpg in Resources */,
				F2395C8C217416BE004A98C1 /* Circa 1922.jpg in Resources */,
				F2395C1E2173E1AC004A98C1 /* Cape fear museum cell.jpg in Resources */,
				F2395C7221741545004A98C1 /* Manna Cell.jpg in Resources */,
				F2395C442173F515004A98C1 /* Stemmerman cell.jpg in Resources */,
				F2395C6021740268004A98C1 /* Hotel riverwalk.jpg in Resources */,
				F2395C472173F515004A98C1 /* Hotel riverwalk cell.jpg in Resources */,
				F2395C172173E1AC004A98C1 /* Jungle Rapids cell.jpg in Resources */,
				F2398530216EF246008A3B19 /* Attractions.plist in Resources */,
				F2398517216EBD09008A3B19 /* Assets.xcassets in Resources */,
				F2395C8D217416BE004A98C1 /* Cape Fear.jpg in Resources */,
				F2395C7521741545004A98C1 /* The Fork ‘N’ Cork Cell.jpg in Resources */,
				F2395C7321741545004A98C1 /* Pinpoint Restaurant Cell.jpg in Resources */,
				F2395C8B217416BE004A98C1 /* Copper penny.jpg in Resources */,
				F2398515216EBD05008A3B19 /* Main.storyboard in Resources */,
				F2395C5921740268004A98C1 /* Hampton university area.jpg in Resources */,
				F2395C7921741545004A98C1 /* Dock Street Cell.jpg in Resources */,
				F2395C88217416BE004A98C1 /* The Fork ‘N’ Cork.jpg in Resources */,
				F2395C6221740268004A98C1 /* Holiday inn.jpg in Resources */,
				F2395C7721741545004A98C1 /* Ceviche’s Cell.jpg in Resources */,
				F2395C332173E668004A98C1 /* Wrightsville Beach Museum.jpg in Resources */,
				F2395C86217416BE004A98C1 /* Dock Street.jpg in Resources */,
				F2395C5B21740268004A98C1 /* Stemmerman.jpg in Resources */,
			);
			runOnlyForDeploymentPostprocessing = 0;
		};
/* End PBXResourcesBuildPhase section */

/* Begin PBXSourcesBuildPhase section */
		F2398508216EBD05008A3B19 /* Sources */ = {
			isa = PBXSourcesBuildPhase;
			buildActionMask = 2147483647;
			files = (
				F2395C90217416F7004A98C1 /* Restaurant.swift in Sources */,
				F2398512216EBD05008A3B19 /* ViewController.swift in Sources */,
				F2398510216EBD05008A3B19 /* AppDelegate.swift in Sources */,
				F2398522216EC16F008A3B19 /* AboutAppViewController.swift in Sources */,
				F2395C4D2173F63B004A98C1 /* Hotel.swift in Sources */,
				F244D54A216F04C000AADEC6 /* Attraction.swift in Sources */,
				F239852E216ECEB8008A3B19 /* TableViewCell.swift in Sources */,
				F2395C9221742A04004A98C1 /* WebsiteViewController.swift in Sources */,
				F239852C216ECE5B008A3B19 /* TopTenTableViewController.swift in Sources */,
				F2398524216EC19A008A3B19 /* AboutAuthorViewController.swift in Sources */,
				F244D54C216F123100AADEC6 /* DetailViewController.swift in Sources */,
			);
			runOnlyForDeploymentPostprocessing = 0;
		};
/* End PBXSourcesBuildPhase section */

/* Begin PBXVariantGroup section */
		F2398513216EBD05008A3B19 /* Main.storyboard */ = {
			isa = PBXVariantGroup;
			children = (
				F2398514216EBD05008A3B19 /* Base */,
			);
			name = Main.storyboard;
			sourceTree = "<group>";
		};
		F2398518216EBD09008A3B19 /* LaunchScreen.storyboard */ = {
			isa = PBXVariantGroup;
			children = (
				F2398519216EBD09008A3B19 /* Base */,
			);
			name = LaunchScreen.storyboard;
			sourceTree = "<group>";
		};
/* End PBXVariantGroup section */

/* Begin XCBuildConfiguration section */
		F239851C216EBD09008A3B19 /* Debug */ = {
			isa = XCBuildConfiguration;
			buildSettings = {
				ALWAYS_SEARCH_USER_PATHS = NO;
				CLANG_ANALYZER_NONNULL = YES;
				CLANG_ANALYZER_NUMBER_OBJECT_CONVERSION = YES_AGGRESSIVE;
				CLANG_CXX_LANGUAGE_STANDARD = "gnu++14";
				CLANG_CXX_LIBRARY = "libc++";
				CLANG_ENABLE_MODULES = YES;
				CLANG_ENABLE_OBJC_ARC = YES;
				CLANG_ENABLE_OBJC_WEAK = YES;
				CLANG_WARN_BLOCK_CAPTURE_AUTORELEASING = YES;
				CLANG_WARN_BOOL_CONVERSION = YES;
				CLANG_WARN_COMMA = YES;
				CLANG_WARN_CONSTANT_CONVERSION = YES;
				CLANG_WARN_DEPRECATED_OBJC_IMPLEMENTATIONS = YES;
				CLANG_WARN_DIRECT_OBJC_ISA_USAGE = YES_ERROR;
				CLANG_WARN_DOCUMENTATION_COMMENTS = YES;
				CLANG_WARN_EMPTY_BODY = YES;
				CLANG_WARN_ENUM_CONVERSION = YES;
				CLANG_WARN_INFINITE_RECURSION = YES;
				CLANG_WARN_INT_CONVERSION = YES;
				CLANG_WARN_NON_LITERAL_NULL_CONVERSION = YES;
				CLANG_WARN_OBJC_IMPLICIT_RETAIN_SELF = YES;
				CLANG_WARN_OBJC_LITERAL_CONVERSION = YES;
				CLANG_WARN_OBJC_ROOT_CLASS = YES_ERROR;
				CLANG_WARN_RANGE_LOOP_ANALYSIS = YES;
				CLANG_WARN_STRICT_PROTOTYPES = YES;
				CLANG_WARN_SUSPICIOUS_MOVE = YES;
				CLANG_WARN_UNGUARDED_AVAILABILITY = YES_AGGRESSIVE;
				CLANG_WARN_UNREACHABLE_CODE = YES;
				CLANG_WARN__DUPLICATE_METHOD_MATCH = YES;
				CODE_SIGN_IDENTITY = "iPhone Developer";
				COPY_PHASE_STRIP = NO;
				DEBUG_INFORMATION_FORMAT = dwarf;
				ENABLE_STRICT_OBJC_MSGSEND = YES;
				ENABLE_TESTABILITY = YES;
				GCC_C_LANGUAGE_STANDARD = gnu11;
				GCC_DYNAMIC_NO_PIC = NO;
				GCC_NO_COMMON_BLOCKS = YES;
				GCC_OPTIMIZATION_LEVEL = 0;
				GCC_PREPROCESSOR_DEFINITIONS = (
					"DEBUG=1",
					"$(inherited)",
				);
				GCC_WARN_64_TO_32_BIT_CONVERSION = YES;
				GCC_WARN_ABOUT_RETURN_TYPE = YES_ERROR;
				GCC_WARN_UNDECLARED_SELECTOR = YES;
				GCC_WARN_UNINITIALIZED_AUTOS = YES_AGGRESSIVE;
				GCC_WARN_UNUSED_FUNCTION = YES;
				GCC_WARN_UNUSED_VARIABLE = YES;
				IPHONEOS_DEPLOYMENT_TARGET = 12.0;
				MTL_ENABLE_DEBUG_INFO = INCLUDE_SOURCE;
				MTL_FAST_MATH = YES;
				ONLY_ACTIVE_ARCH = YES;
				SDKROOT = iphoneos;
				SWIFT_ACTIVE_COMPILATION_CONDITIONS = DEBUG;
				SWIFT_OPTIMIZATION_LEVEL = "-Onone";
			};
			name = Debug;
		};
		F239851D216EBD09008A3B19 /* Release */ = {
			isa = XCBuildConfiguration;
			buildSettings = {
				ALWAYS_SEARCH_USER_PATHS = NO;
				CLANG_ANALYZER_NONNULL = YES;
				CLANG_ANALYZER_NUMBER_OBJECT_CONVERSION = YES_AGGRESSIVE;
				CLANG_CXX_LANGUAGE_STANDARD = "gnu++14";
				CLANG_CXX_LIBRARY = "libc++";
				CLANG_ENABLE_MODULES = YES;
				CLANG_ENABLE_OBJC_ARC = YES;
				CLANG_ENABLE_OBJC_WEAK = YES;
				CLANG_WARN_BLOCK_CAPTURE_AUTORELEASING = YES;
				CLANG_WARN_BOOL_CONVERSION = YES;
				CLANG_WARN_COMMA = YES;
				CLANG_WARN_CONSTANT_CONVERSION = YES;
				CLANG_WARN_DEPRECATED_OBJC_IMPLEMENTATIONS = YES;
				CLANG_WARN_DIRECT_OBJC_ISA_USAGE = YES_ERROR;
				CLANG_WARN_DOCUMENTATION_COMMENTS = YES;
				CLANG_WARN_EMPTY_BODY = YES;
				CLANG_WARN_ENUM_CONVERSION = YES;
				CLANG_WARN_INFINITE_RECURSION = YES;
				CLANG_WARN_INT_CONVERSION = YES;
				CLANG_WARN_NON_LITERAL_NULL_CONVERSION = YES;
				CLANG_WARN_OBJC_IMPLICIT_RETAIN_SELF = YES;
				CLANG_WARN_OBJC_LITERAL_CONVERSION = YES;
				CLANG_WARN_OBJC_ROOT_CLASS = YES_ERROR;
				CLANG_WARN_RANGE_LOOP_ANALYSIS = YES;
				CLANG_WARN_STRICT_PROTOTYPES = YES;
				CLANG_WARN_SUSPICIOUS_MOVE = YES;
				CLANG_WARN_UNGUARDED_AVAILABILITY = YES_AGGRESSIVE;
				CLANG_WARN_UNREACHABLE_CODE = YES;
				CLANG_WARN__DUPLICATE_METHOD_MATCH = YES;
				CODE_SIGN_IDENTITY = "iPhone Developer";
				COPY_PHASE_STRIP = NO;
				DEBUG_INFORMATION_FORMAT = "dwarf-with-dsym";
				ENABLE_NS_ASSERTIONS = NO;
				ENABLE_STRICT_OBJC_MSGSEND = YES;
				GCC_C_LANGUAGE_STANDARD = gnu11;
				GCC_NO_COMMON_BLOCKS = YES;
				GCC_WARN_64_TO_32_BIT_CONVERSION = YES;
				GCC_WARN_ABOUT_RETURN_TYPE = YES_ERROR;
				GCC_WARN_UNDECLARED_SELECTOR = YES;
				GCC_WARN_UNINITIALIZED_AUTOS = YES_AGGRESSIVE;
				GCC_WARN_UNUSED_FUNCTION = YES;
				GCC_WARN_UNUSED_VARIABLE = YES;
				IPHONEOS_DEPLOYMENT_TARGET = 12.0;
				MTL_ENABLE_DEBUG_INFO = NO;
				MTL_FAST_MATH = YES;
				SDKROOT = iphoneos;
				SWIFT_COMPILATION_MODE = wholemodule;
				SWIFT_OPTIMIZATION_LEVEL = "-O";
				VALIDATE_PRODUCT = YES;
			};
			name = Release;
		};
		F239851F216EBD09008A3B19 /* Debug */ = {
			isa = XCBuildConfiguration;
			buildSettings = {
				ASSETCATALOG_COMPILER_APPICON_NAME = AppIcon;
				CODE_SIGN_STYLE = Automatic;
				DEVELOPMENT_TEAM = S224WD5FPF;
				INFOPLIST_FILE = RDadiTopTenWilmington/Info.plist;
				IPHONEOS_DEPLOYMENT_TARGET = 11.4;
				LD_RUNPATH_SEARCH_PATHS = (
					"$(inherited)",
					"@executable_path/Frameworks",
				);
				PRODUCT_BUNDLE_IDENTIFIER = edu.niu.cs.RDadiTopTenWilmington;
				PRODUCT_NAME = "$(TARGET_NAME)";
				SWIFT_VERSION = 4.2;
				TARGETED_DEVICE_FAMILY = 1;
			};
			name = Debug;
		};
		F2398520216EBD09008A3B19 /* Release */ = {
			isa = XCBuildConfiguration;
			buildSettings = {
				ASSETCATALOG_COMPILER_APPICON_NAME = AppIcon;
				CODE_SIGN_STYLE = Automatic;
				DEVELOPMENT_TEAM = S224WD5FPF;
				INFOPLIST_FILE = RDadiTopTenWilmington/Info.plist;
				IPHONEOS_DEPLOYMENT_TARGET = 11.4;
				LD_RUNPATH_SEARCH_PATHS = (
					"$(inherited)",
					"@executable_path/Frameworks",
				);
				PRODUCT_BUNDLE_IDENTIFIER = edu.niu.cs.RDadiTopTenWilmington;
				PRODUCT_NAME = "$(TARGET_NAME)";
				SWIFT_VERSION = 4.2;
				TARGETED_DEVICE_FAMILY = 1;
			};
			name = Release;
		};
/* End XCBuildConfiguration section */

/* Begin XCConfigurationList section */
		F2398507216EBD05008A3B19 /* Build configuration list for PBXProject "RDadiTopTenWilmington" */ = {
			isa = XCConfigurationList;
			buildConfigurations = (
				F239851C216EBD09008A3B19 /* Debug */,
				F239851D216EBD09008A3B19 /* Release */,
			);
			defaultConfigurationIsVisible = 0;
			defaultConfigurationName = Release;
		};
		F239851E216EBD09008A3B19 /* Build configuration list for PBXNativeTarget "RDadiTopTenWilmington" */ = {
			isa = XCConfigurationList;
			buildConfigurations = (
				F239851F216EBD09008A3B19 /* Debug */,
				F2398520216EBD09008A3B19 /* Release */,
			);
			defaultConfigurationIsVisible = 0;
			defaultConfigurationName = Release;
		};
/* End XCConfigurationList section */
	};
	rootObject = F2398504216EBD05008A3B19 /* Project object */;
}
